
Microsoft Visual Studio Solution File, Format Version 12.00
# Visual Studio Version 16
VisualStudioVersion = 16.0.31229.75
MinimumVisualStudioVersion = 10.0.40219.1
Project("{FAE04EC0-301F-11D3-BF4B-00C04F79EFBC}") = "DashDemo", "DashDemo\DashDemo.csproj", "{7AF8F70C-D4C3-4103-BFBA-803629648E0C}"
EndProject
Project("{9A19103F-16F7-4668-BE54-9A1E7A4F7556}") = "UnitTestProject", "UnitTestProject\UnitTestProject.csproj", "{F8F6DD4D-ABB7-4D32-AD66-3A28A3E66733}"
EndProject
Global
	GlobalSection(SolutionConfigurationPlatforms) = preSolution
		Debug|Any CPU = Debug|Any CPU
		Release|Any CPU = Release|Any CPU
	EndGlobalSection
	GlobalSection(ProjectConfigurationPlatforms) = postSolution
		{7AF8F70C-D4C3-4103-BFBA-803629648E0C}.Debug|Any CPU.ActiveCfg = Debug|Any CPU
		{7AF8F70C-D4C3-4103-BFBA-803629648E0C}.Debug|Any CPU.Build.0 = Debug|Any CPU
		{7AF8F70C-D4C3-4103-BFBA-803629648E0C}.Release|Any CPU.ActiveCfg = Release|Any CPU
		{7AF8F70C-D4C3-4103-BFBA-803629648E0C}.Release|Any CPU.Build.0 = Release|Any CPU
		{F8F6DD4D-ABB7-4D32-AD66-3A28A3E66733}.Debug|Any CPU.ActiveCfg = Debug|Any CPU
		{F8F6DD4D-ABB7-4D32-AD66-3A28A3E66733}.Debug|Any CPU.Build.0 = Debug|Any CPU
		{F8F6DD4D-ABB7-4D32-AD66-3A28A3E66733}.Release|Any CPU.ActiveCfg = Release|Any CPU
		{F8F6DD4D-ABB7-4D32-AD66-3A28A3E66733}.Release|Any CPU.Build.0 = Release|Any CPU
	EndGlobalSection
	GlobalSection(SolutionProperties) = preSolution
		HideSolutionNode = FALSE
	EndGlobalSection
	GlobalSection(ExtensibilityGlobals) = postSolution
		SolutionGuid = {C584C08E-6E6A-43EC-99D5-44D82C6B0007}
	EndGlobalSection
EndGlobal
